
Microsoft Visual Studio Solution File, Format Version 12.00
# Visual Studio Version 17
VisualStudioVersion = 17.7.34221.43
MinimumVisualStudioVersion = 10.0.40219.1
Project("{FAE04EC0-301F-11D3-BF4B-00C04F79EFBC}") = "SkillsLabProject", "SkillsLabProject\SkillsLabProject.csproj", "{F730E6D1-954B-4E07-A345-D9226BFB6EE5}"
EndProject
Global
	GlobalSection(SolutionConfigurationPlatforms) = preSolution
		Debug|Any CPU = Debug|Any CPU
		Release|Any CPU = Release|Any CPU
	EndGlobalSection
	GlobalSection(ProjectConfigurationPlatforms) = postSolution
		{F730E6D1-954B-4E07-A345-D9226BFB6EE5}.Debug|Any CPU.ActiveCfg = Debug|Any CPU
		{F730E6D1-954B-4E07-A345-D9226BFB6EE5}.Debug|Any CPU.Build.0 = Debug|Any CPU
		{F730E6D1-954B-4E07-A345-D9226BFB6EE5}.Release|Any CPU.ActiveCfg = Release|Any CPU
		{F730E6D1-954B-4E07-A345-D9226BFB6EE5}.Release|Any CPU.Build.0 = Release|Any CPU
	EndGlobalSection
	GlobalSection(SolutionProperties) = preSolution
		HideSolutionNode = FALSE
	EndGlobalSection
	GlobalSection(ExtensibilityGlobals) = postSolution
		SolutionGuid = {088F621E-45CA-4DDF-9697-53C4333C5FFD}
	EndGlobalSection
EndGlobal
